
Microsoft Visual Studio Solution File, Format Version 12.00
# Visual Studio Version 16
VisualStudioVersion = 16.0.30717.126
MinimumVisualStudioVersion = 10.0.40219.1
Project("{FAE04EC0-301F-11D3-BF4B-00C04F79EFBC}") = "StackOvermimic", "StackOvermimic\StackOvermimic.csproj", "{4676BF33-A7B7-497C-A681-004492067AD0}"
EndProject
Global
	GlobalSection(SolutionConfigurationPlatforms) = preSolution
		Debug|Any CPU = Debug|Any CPU
		Release|Any CPU = Release|Any CPU
	EndGlobalSection
	GlobalSection(ProjectConfigurationPlatforms) = postSolution
		{4676BF33-A7B7-497C-A681-004492067AD0}.Debug|Any CPU.ActiveCfg = Debug|Any CPU
		{4676BF33-A7B7-497C-A681-004492067AD0}.Debug|Any CPU.Build.0 = Debug|Any CPU
		{4676BF33-A7B7-497C-A681-004492067AD0}.Release|Any CPU.ActiveCfg = Release|Any CPU
		{4676BF33-A7B7-497C-A681-004492067AD0}.Release|Any CPU.Build.0 = Release|Any CPU
	EndGlobalSection
	GlobalSection(SolutionProperties) = preSolution
		HideSolutionNode = FALSE
	EndGlobalSection
	GlobalSection(ExtensibilityGlobals) = postSolution
		SolutionGuid = {FBA9FA93-131E-4613-A395-DE553D282EDF}
	EndGlobalSection
EndGlobal
