
Microsoft Visual Studio Solution File, Format Version 12.00
# Visual Studio Version 16
VisualStudioVersion = 16.0.30523.141
MinimumVisualStudioVersion = 10.0.40219.1
Project("{FAE04EC0-301F-11D3-BF4B-00C04F79EFBC}") = "CsharpBasicsControlFlow", "CsharpBasicsControlFlow\CsharpBasicsControlFlow.csproj", "{A901305F-F7EA-41FF-A37A-E02C13303AA8}"
EndProject
Global
	GlobalSection(SolutionConfigurationPlatforms) = preSolution
		Debug|Any CPU = Debug|Any CPU
		Release|Any CPU = Release|Any CPU
	EndGlobalSection
	GlobalSection(ProjectConfigurationPlatforms) = postSolution
		{A901305F-F7EA-41FF-A37A-E02C13303AA8}.Debug|Any CPU.ActiveCfg = Debug|Any CPU
		{A901305F-F7EA-41FF-A37A-E02C13303AA8}.Debug|Any CPU.Build.0 = Debug|Any CPU
		{A901305F-F7EA-41FF-A37A-E02C13303AA8}.Release|Any CPU.ActiveCfg = Release|Any CPU
		{A901305F-F7EA-41FF-A37A-E02C13303AA8}.Release|Any CPU.Build.0 = Release|Any CPU
	EndGlobalSection
	GlobalSection(SolutionProperties) = preSolution
		HideSolutionNode = FALSE
	EndGlobalSection
	GlobalSection(ExtensibilityGlobals) = postSolution
		SolutionGuid = {F28C472A-224B-4175-8DA9-A9A35ED30B52}
	EndGlobalSection
EndGlobal
